{
  "version": 1,
  "dependencies": {
    "net10.0-windows7.0": {
      "DalamudPackager": {
        "type": "Direct",
        "requested": "[15.0.0, )",
        "resolved": "15.0.0",
        "contentHash": "411vwC8/X8Z/sQ2TI6v3SvOn66xFPeOjFn3Zn+h0d3Ox2t1kFm66AhDvmx/qcMwVrR+Hidxj0dadpQ2dgyXMBQ=="
      },
      "DotNet.ReproducibleBuilds": {
        "type": "Direct",
        "requested": "[1.2.39, )",
        "resolved": "1.2.39",
        "contentHash": "fcFN01tDTIQqDuTwr1jUQK/geofiwjG5DycJQOnC72i1SsLAk1ELe+apBOuZ11UMQG8YKFZG1FgvjZPbqHyatg=="
      },
      "Tmds.DBus.Protocol": {
        "type": "Transitive",
        "resolved": "0.95.1",
        "contentHash": "IbGhqZAqqgB/DkT70+lAk4MNv95tZtsTMFQ+S3uGy0aTfOkGVeFjeNJsX8dBI/3+CPnO5XW6lRQKGeFEgHElKw=="
      },
      "ffxivimebridge.fcitx": {
        "type": "Project",
        "dependencies": {
          "Tmds.DBus.Protocol": "[0.95.1, )"
        }
      }
    }
  }
}